
Microsoft Visual Studio Solution File, Format Version 12.00
# Visual Studio Version 16
VisualStudioVersion = 16.0.29905.134
MinimumVisualStudioVersion = 10.0.40219.1
Project("{FAE04EC0-301F-11D3-BF4B-00C04F79EFBC}") = "jewelry_shop", "jewelry_shop\jewelry_shop.csproj", "{3CAE60E0-7326-4272-B515-F1364A7DE25B}"
EndProject
Global
	GlobalSection(SolutionConfigurationPlatforms) = preSolution
		Debug|Any CPU = Debug|Any CPU
		Release|Any CPU = Release|Any CPU
	EndGlobalSection
	GlobalSection(ProjectConfigurationPlatforms) = postSolution
		{3CAE60E0-7326-4272-B515-F1364A7DE25B}.Debug|Any CPU.ActiveCfg = Debug|Any CPU
		{3CAE60E0-7326-4272-B515-F1364A7DE25B}.Debug|Any CPU.Build.0 = Debug|Any CPU
		{3CAE60E0-7326-4272-B515-F1364A7DE25B}.Release|Any CPU.ActiveCfg = Release|Any CPU
		{3CAE60E0-7326-4272-B515-F1364A7DE25B}.Release|Any CPU.Build.0 = Release|Any CPU
	EndGlobalSection
	GlobalSection(SolutionProperties) = preSolution
		HideSolutionNode = FALSE
	EndGlobalSection
	GlobalSection(ExtensibilityGlobals) = postSolution
		SolutionGuid = {495BF5E9-BA4B-44B2-B5D0-D2F174866C96}
	EndGlobalSection
EndGlobal
